hash: 2161f2d4620dc4f3fdd3ef7ac6dded2daccdf25d51cda0f17504b2468ff37ad6
updated: 2016-11-20T11:15:37.634745413+01:00
imports:
- name: github.com/nlopes/slack
  version: e595e9d8590a04ff76407e4e7d1791d25b095c66
- name: golang.org/x/net
  version: c46f265c325130a7a6c7b27db8c6fe14b64f1a68
  subpackages:
  - websocket
testImports: []
