hash: 83a21b18f1b95809ff577ed207f5a49a36ce02b3fd559f7b6f67e39fb279bcba
updated: 2016-12-10T19:22:31.868740437+01:00
imports:
- name: github.com/natefinch/pie
  version: 13d3874dc4836d5db81d3a950aa5436b1eb23372
- name: github.com/nlopes/slack
  version: e595e9d8590a04ff76407e4e7d1791d25b095c66
- name: golang.org/x/net
  version: c46f265c325130a7a6c7b27db8c6fe14b64f1a68
  subpackages:
  - websocket
testImports: []
